{
  "requires": true,
  "lockfileVersion": 1,
  "dependencies": {
    "ajv": {
      "version": "5.5.2",
      "resolved": "https://registry.npmjs.org/ajv/-/ajv-5.5.2.tgz",
      "integrity": "sha1-c7Xuyj+rZT49P5Qis0GtQiBdyWU=",
      "requires": {
        "co": "4.6.0",
        "fast-deep-equal": "1.1.0",
        "fast-json-stable-stringify": "2.0.0",
        "json-schema-traverse": "0.3.1"
      }
    },
    "ajv-keywords": {
      "version": "3.1.0",
      "resolved": "https://registry.npmjs.org/ajv-keywords/-/ajv-keywords-3.1.0.tgz",
      "integrity": "sha1-rCsnk5xUPpXSwG5/f1wnvkqlQ74="
    },
    "async": {
      "version": "2.6.0",
      "resolved": "https://registry.npmjs.org/async/-/async-2.6.0.tgz",
      "integrity": "sha512-xAfGg1/NTLBBKlHFmnd7PlmUW9KhVQIUuSrYem9xzFUZy13ScvtyGGejaae9iAVRiRq9+Cx7DPFaAAhCpyxyPw==",
      "requires": {
        "lodash": "4.17.5"
      }
    },
    "big.js": {
      "version": "3.2.0",
      "resolved": "https://registry.npmjs.org/big.js/-/big.js-3.2.0.tgz",
      "integrity": "sha512-+hN/Zh2D08Mx65pZ/4g5bsmNiZUuChDiQfTUQ7qJr4/kuopCr88xZsAXv6mBoZEsUI4OuGHlX59qE94K2mMW8Q=="
    },
    "co": {
      "version": "4.6.0",
      "resolved": "https://registry.npmjs.org/co/-/co-4.6.0.tgz",
      "integrity": "sha1-bqa989hTrlTMuOR7+gvz+QMfsYQ="
    },
    "commander": {
      "version": "2.15.1",
      "resolved": "https://registry.npmjs.org/commander/-/commander-2.15.1.tgz",
      "integrity": "sha512-VlfT9F3V0v+jr4yxPc5gg9s62/fIVWsd2Bk2iD435um1NlGMYdVCq+MjcXnhYq2icNOizHr1kK+5TI6H0Hy0ag=="
    },
    "d3-array": {
      "version": "1.2.1",
      "resolved": "https://registry.npmjs.org/d3-array/-/d3-array-1.2.1.tgz",
      "integrity": "sha512-CyINJQ0SOUHojDdFDH4JEM0552vCR1utGyLHegJHyYH0JyCpSeTPxi4OBqHMA2jJZq4NH782LtaJWBImqI/HBw=="
    },
    "d3-geo": {
      "version": "1.6.3",
      "resolved": "https://registry.npmjs.org/d3-geo/-/d3-geo-1.6.3.tgz",
      "integrity": "sha1-IWg6Q6Bh6rohp/JUtR1ZN+tkB1Y=",
      "requires": {
        "d3-array": "1.2.1"
      }
    },
    "d3-geo-projection": {
      "version": "1.2.2",
      "resolved": "https://registry.npmjs.org/d3-geo-projection/-/d3-geo-projection-1.2.2.tgz",
      "integrity": "sha1-7w5s3PoN8jbQ4j8sp3UEYsozH3I=",
      "requires": {
        "commander": "2.15.1",
        "d3-array": "1.2.1",
        "d3-geo": "1.6.3"
      }
    },
    "emojis-list": {
      "version": "2.1.0",
      "resolved": "https://registry.npmjs.org/emojis-list/-/emojis-list-2.1.0.tgz",
      "integrity": "sha1-TapNnbAPmBmIDHn6RXrlsJof04k="
    },
    "extract-text-webpack-plugin": {
      "version": "4.0.0-beta.0",
      "resolved": "https://registry.npmjs.org/extract-text-webpack-plugin/-/extract-text-webpack-plugin-4.0.0-beta.0.tgz",
      "integrity": "sha512-Hypkn9jUTnFr0DpekNam53X47tXn3ucY08BQumv7kdGgeVUBLq3DJHJTi6HNxv4jl9W+Skxjz9+RnK0sJyqqjA==",
      "requires": {
        "async": "2.6.0",
        "loader-utils": "1.1.0",
        "schema-utils": "0.4.5",
        "webpack-sources": "1.1.0"
      },
      "dependencies": {
        "ajv": {
          "version": "6.4.0",
          "resolved": "https://registry.npmjs.org/ajv/-/ajv-6.4.0.tgz",
          "integrity": "sha1-06/3jpJ3VJdx2vAWTP9ISCt1T8Y=",
          "requires": {
            "fast-deep-equal": "1.1.0",
            "fast-json-stable-stringify": "2.0.0",
            "json-schema-traverse": "0.3.1",
            "uri-js": "3.0.2"
          }
        },
        "schema-utils": {
          "version": "0.4.5",
          "resolved": "https://registry.npmjs.org/schema-utils/-/schema-utils-0.4.5.tgz",
          "integrity": "sha512-yYrjb9TX2k/J1Y5UNy3KYdZq10xhYcF8nMpAW6o3hy6Q8WSIEf9lJHG/ePnOBfziPM3fvQwfOwa13U/Fh8qTfA==",
          "requires": {
            "ajv": "6.4.0",
            "ajv-keywords": "3.1.0"
          }
        }
      }
    },
    "fast-deep-equal": {
      "version": "1.1.0",
      "resolved": "https://registry.npmjs.org/fast-deep-equal/-/fast-deep-equal-1.1.0.tgz",
      "integrity": "sha1-wFNHeBfIa1HaqFPIHgWbcz0CNhQ="
    },
    "fast-json-stable-stringify": {
      "version": "2.0.0",
      "resolved": "https://registry.npmjs.org/fast-json-stable-stringify/-/fast-json-stable-stringify-2.0.0.tgz",
      "integrity": "sha1-1RQsDK7msRifh9OnYREGT4bIu/I="
    },
    "json-schema-traverse": {
      "version": "0.3.1",
      "resolved": "https://registry.npmjs.org/json-schema-traverse/-/json-schema-traverse-0.3.1.tgz",
      "integrity": "sha1-NJptRMU6Ud6JtAgFxdXlm0F9M0A="
    },
    "json5": {
      "version": "0.5.1",
      "resolved": "https://registry.npmjs.org/json5/-/json5-0.5.1.tgz",
      "integrity": "sha1-Hq3nrMASA0rYTiOWdn6tn6VJWCE="
    },
    "loader-utils": {
      "version": "1.1.0",
      "resolved": "https://registry.npmjs.org/loader-utils/-/loader-utils-1.1.0.tgz",
      "integrity": "sha1-yYrvSIvM7aL/teLeZG1qdUQp9c0=",
      "requires": {
        "big.js": "3.2.0",
        "emojis-list": "2.1.0",
        "json5": "0.5.1"
      }
    },
    "lodash": {
      "version": "4.17.5",
      "resolved": "https://registry.npmjs.org/lodash/-/lodash-4.17.5.tgz",
      "integrity": "sha512-svL3uiZf1RwhH+cWrfZn3A4+U58wbP0tGVTLQPbjplZxZ8ROD9VLuNgsRniTlLe7OlSqR79RUehXgpBW/s0IQw=="
    },
    "punycode": {
      "version": "2.1.0",
      "resolved": "https://registry.npmjs.org/punycode/-/punycode-2.1.0.tgz",
      "integrity": "sha1-X4Y+3Im5bbCQdLrXlHvwkFbKTn0="
    },
    "react-simple-maps": {
      "version": "0.12.1",
      "resolved": "https://registry.npmjs.org/react-simple-maps/-/react-simple-maps-0.12.1.tgz",
      "integrity": "sha512-htW2qQCnppGAUvWttf8ugZsVD896AfAjJNz3sgQT5zpdLNC+n2xegiNtn5inkD0aLuQWZ43i5cTlhPe0n6hvNQ==",
      "requires": {
        "d3-geo": "1.6.3",
        "d3-geo-projection": "1.2.2",
        "topojson-client": "2.1.0"
      }
    },
    "schema-utils": {
      "version": "0.3.0",
      "resolved": "https://registry.npmjs.org/schema-utils/-/schema-utils-0.3.0.tgz",
      "integrity": "sha1-9YdyIs4+kx7a4DnxfrNxbnE3+M8=",
      "requires": {
        "ajv": "5.5.2"
      }
    },
    "source-list-map": {
      "version": "2.0.0",
      "resolved": "https://registry.npmjs.org/source-list-map/-/source-list-map-2.0.0.tgz",
      "integrity": "sha512-I2UmuJSRr/T8jisiROLU3A3ltr+swpniSmNPI4Ml3ZCX6tVnDsuZzK7F2hl5jTqbZBWCEKlj5HRQiPExXLgE8A=="
    },
    "source-map": {
      "version": "0.6.1",
      "resolved": "https://registry.npmjs.org/source-map/-/source-map-0.6.1.tgz",
      "integrity": "sha512-UjgapumWlbMhkBgzT7Ykc5YXUT46F0iKu8SGXq0bcwP5dz/h0Plj6enJqjz1Zbq2l5WaqYnrVbwWOWMyF3F47g=="
    },
    "topojson-client": {
      "version": "2.1.0",
      "resolved": "https://registry.npmjs.org/topojson-client/-/topojson-client-2.1.0.tgz",
      "integrity": "sha1-/59784mRGF4LQoTCsGroNPDqxsg=",
      "requires": {
        "commander": "2.15.1"
      }
    },
    "uri-js": {
      "version": "3.0.2",
      "resolved": "https://registry.npmjs.org/uri-js/-/uri-js-3.0.2.tgz",
      "integrity": "sha1-+QuFhQf4HepNz7s8TD2/orVX+qo=",
      "requires": {
        "punycode": "2.1.0"
      }
    },
    "webpack-sources": {
      "version": "1.1.0",
      "resolved": "https://registry.npmjs.org/webpack-sources/-/webpack-sources-1.1.0.tgz",
      "integrity": "sha512-aqYp18kPphgoO5c/+NaUvEeACtZjMESmDChuD3NBciVpah3XpMEU9VAAtIaB1BsfJWWTSdv8Vv1m3T0aRk2dUw==",
      "requires": {
        "source-list-map": "2.0.0",
        "source-map": "0.6.1"
      }
    }
  }
}
